
Microsoft Visual Studio Solution File, Format Version 12.00
# Visual Studio Version 16
VisualStudioVersion = 16.0.30011.22
MinimumVisualStudioVersion = 10.0.40219.1
Project("{FAE04EC0-301F-11D3-BF4B-00C04F79EFBC}") = "MVC_SEGURIDAD", "MVC_SEGURIDAD\MVC_SEGURIDAD.csproj", "{11147277-DECC-4AE8-8A5F-9B20DB021872}"
EndProject
Global
	GlobalSection(SolutionConfigurationPlatforms) = preSolution
		Debug|Any CPU = Debug|Any CPU
		Release|Any CPU = Release|Any CPU
	EndGlobalSection
	GlobalSection(ProjectConfigurationPlatforms) = postSolution
		{11147277-DECC-4AE8-8A5F-9B20DB021872}.Debug|Any CPU.ActiveCfg = Debug|Any CPU
		{11147277-DECC-4AE8-8A5F-9B20DB021872}.Debug|Any CPU.Build.0 = Debug|Any CPU
		{11147277-DECC-4AE8-8A5F-9B20DB021872}.Release|Any CPU.ActiveCfg = Release|Any CPU
		{11147277-DECC-4AE8-8A5F-9B20DB021872}.Release|Any CPU.Build.0 = Release|Any CPU
	EndGlobalSection
	GlobalSection(SolutionProperties) = preSolution
		HideSolutionNode = FALSE
	EndGlobalSection
	GlobalSection(ExtensibilityGlobals) = postSolution
		SolutionGuid = {ACBFBF09-DE12-45C9-9AB1-A4879A3D3D6D}
	EndGlobalSection
EndGlobal
